// !$*UTF8*$!
{
	archiveVersion = 1;
	classes = {
	};
	objectVersion = 50;
	objects = {

/* Begin PBXBuildFile section */
		1869665B23E5782A00B5FE50 /* AppDelegate.m in Sources */ = {isa = PBXBuildFile; fileRef = 1869665A23E5782A00B5FE50 /* AppDelegate.m */; };
		1869665E23E5782A00B5FE50 /* SceneDelegate.m in Sources */ = {isa = PBXBuildFile; fileRef = 1869665D23E5782A00B5FE50 /* SceneDelegate.m */; };
		1869666123E5782A00B5FE50 /* ViewController.m in Sources */ = {isa = PBXBuildFile; fileRef = 1869666023E5782A00B5FE50 /* ViewController.m */; };
		1869666623E5782B00B5FE50 /* Assets.xcassets in Resources */ = {isa = PBXBuildFile; fileRef = 1869666523E5782B00B5FE50 /* Assets.xcassets */; };
		1869666C23E5782B00B5FE50 /* main.m in Sources */ = {isa = PBXBuildFile; fileRef = 1869666B23E5782B00B5FE50 /* main.m */; };
		1869667623E5782B00B5FE50 /* iOStestTests.m in Sources */ = {isa = PBXBuildFile; fileRef = 1869667523E5782B00B5FE50 /* iOStestTests.m */; };
		1869668123E5782B00B5FE50 /* iOStestUITests.m in Sources */ = {isa = PBXBuildFile; fileRef = 1869668023E5782B00B5FE50 /* iOStestUITests.m */; };
		1869668F23E57D6600B5FE50 /* iOStest in Resources */ = {isa = PBXBuildFile; fileRef = 1869668E23E57D6600B5FE50 /* iOStest */; };
/* End PBXBuildFile section */

/* Begin PBXContainerItemProxy section */
		1869667223E5782B00B5FE50 /* PBXContainerItemProxy */ = {
			isa = PBXContainerItemProxy;
			containerPortal = 1869664E23E5782A00B5FE50 /* Project object */;
			proxyType = 1;
			remoteGlobalIDString = 1869665523E5782A00B5FE50;
			remoteInfo = iOStest;
		};
		1869667D23E5782B00B5FE50 /* PBXContainerItemProxy */ = {
			isa = PBXContainerItemProxy;
			containerPortal = 1869664E23E5782A00B5FE50 /* Project object */;
			proxyType = 1;
			remoteGlobalIDString = 1869665523E5782A00B5FE50;
			remoteInfo = iOStest;
		};
/* End PBXContainerItemProxy section */

/* Begin PBXFileReference section */
		1869665623E5782A00B5FE50 /* iOStest.app */ = {isa = PBXFileReference; explicitFileType = wrapper.application; includeInIndex = 0; path = iOStest.app; sourceTree = BUILT_PRODUCTS_DIR; };
		1869665923E5782A00B5FE50 /* AppDelegate.h */ = {isa = PBXFileReference; lastKnownFileType = sourcecode.c.h; path = AppDelegate.h; sourceTree = "<group>"; };
		1869665A23E5782A00B5FE50 /* AppDelegate.m */ = {isa = PBXFileReference; lastKnownFileType = sourcecode.c.objc; path = AppDelegate.m; sourceTree = "<group>"; };
		1869665C23E5782A00B5FE50 /* SceneDelegate.h */ = {isa = PBXFileReference; lastKnownFileType = sourcecode.c.h; path = SceneDelegate.h; sourceTree = "<group>"; };
		1869665D23E5782A00B5FE50 /* SceneDelegate.m */ = {isa = PBXFileReference; lastKnownFileType = sourcecode.c.objc; path = SceneDelegate.m; sourceTree = "<group>"; };
		1869665F23E5782A00B5FE50 /* ViewController.h */ = {isa = PBXFileReference; lastKnownFileType = sourcecode.c.h; path = ViewController.h; sourceTree = "<group>"; };
		1869666023E5782A00B5FE50 /* ViewController.m */ = {isa = PBXFileReference; lastKnownFileType = sourcecode.c.objc; path = ViewController.m; sourceTree = "<group>"; };
		1869666523E5782B00B5FE50 /* Assets.xcassets */ = {isa = PBXFileReference; lastKnownFileType = folder.assetcatalog; path = Assets.xcassets; sourceTree = "<group>"; };
		1869666A23E5782B00B5FE50 /* Info.plist */ = {isa = PBXFileReference; lastKnownFileType = text.plist.xml; path = Info.plist; sourceTree = "<group>"; };
		1869666B23E5782B00B5FE50 /* main.m */ = {isa = PBXFileReference; lastKnownFileType = sourcecode.c.objc; path = main.m; sourceTree = "<group>"; };
		1869667123E5782B00B5FE50 /* iOStestTests.xctest */ = {isa = PBXFileReference; explicitFileType = wrapper.cfbundle; includeInIndex = 0; path = iOStestTests.xctest; sourceTree = BUILT_PRODUCTS_DIR; };
		1869667523E5782B00B5FE50 /* iOStestTests.m */ = {isa = PBXFileReference; lastKnownFileType = sourcecode.c.objc; path = iOStestTests.m; sourceTree = "<group>"; };
		1869667723E5782B00B5FE50 /* Info.plist */ = {isa = PBXFileReference; lastKnownFileType = text.plist.xml; path = Info.plist; sourceTree = "<group>"; };
		1869667C23E5782B00B5FE50 /* iOStestUITests.xctest */ = {isa = PBXFileReference; explicitFileType = wrapper.cfbundle; includeInIndex = 0; path = iOStestUITests.xctest; sourceTree = BUILT_PRODUCTS_DIR; };
		1869668023E5782B00B5FE50 /* iOStestUITests.m */ = {isa = PBXFileReference; lastKnownFileType = sourcecode.c.objc; path = iOStestUITests.m; sourceTree = "<group>"; };
		1869668223E5782B00B5FE50 /* Info.plist */ = {isa = PBXFileReference; lastKnownFileType = text.plist.xml; path = Info.plist; sourceTree = "<group>"; };
		1869668E23E57D6600B5FE50 /* iOStest */ = {isa = PBXFileReference; lastKnownFileType = folder; name = iOStest; sourceTree = "<group>"; };
/* End PBXFileReference section */

/* Begin PBXFrameworksBuildPhase section */
		1869665323E5782A00B5FE50 /* Frameworks */ = {
			isa = PBXFrameworksBuildPhase;
			buildActionMask = 2147483647;
			files = (
			);
			runOnlyForDeploymentPostprocessing = 0;
		};
		1869666E23E5782B00B5FE50 /* Frameworks */ = {
			isa = PBXFrameworksBuildPhase;
			buildActionMask = 2147483647;
			files = (
			);
			runOnlyForDeploymentPostprocessing = 0;
		};
		1869667923E5782B00B5FE50 /* Frameworks */ = {
			isa = PBXFrameworksBuildPhase;
			buildActionMask = 2147483647;
			files = (
			);
			runOnlyForDeploymentPostprocessing = 0;
		};
/* End PBXFrameworksBuildPhase section */

/* Begin PBXGroup section */
		1869664D23E5782A00B5FE50 = {
			isa = PBXGroup;
			children = (
				1869665823E5782A00B5FE50 /* iOStest */,
				1869667423E5782B00B5FE50 /* iOStestTests */,
				1869667F23E5782B00B5FE50 /* iOStestUITests */,
				1869665723E5782A00B5FE50 /* Products */,
			);
			sourceTree = "<group>";
		};
		1869665723E5782A00B5FE50 /* Products */ = {
			isa = PBXGroup;
			children = (
				1869665623E5782A00B5FE50 /* iOStest.app */,
				1869667123E5782B00B5FE50 /* iOStestTests.xctest */,
				1869667C23E5782B00B5FE50 /* iOStestUITests.xctest */,
			);
			name = Products;
			sourceTree = "<group>";
		};
		1869665823E5782A00B5FE50 /* iOStest */ = {
			isa = PBXGroup;
			children = (
				1869668E23E57D6600B5FE50 /* iOStest */,
				1869665923E5782A00B5FE50 /* AppDelegate.h */,
				1869665A23E5782A00B5FE50 /* AppDelegate.m */,
				1869665C23E5782A00B5FE50 /* SceneDelegate.h */,
				1869665D23E5782A00B5FE50 /* SceneDelegate.m */,
				1869665F23E5782A00B5FE50 /* ViewController.h */,
				1869666023E5782A00B5FE50 /* ViewController.m */,
				1869666523E5782B00B5FE50 /* Assets.xcassets */,
				1869666A23E5782B00B5FE50 /* Info.plist */,
				1869666B23E5782B00B5FE50 /* main.m */,
			);
			path = iOStest;
			sourceTree = "<group>";
		};
		1869667423E5782B00B5FE50 /* iOStestTests */ = {
			isa = PBXGroup;
			children = (
				1869667523E5782B00B5FE50 /* iOStestTests.m */,
				1869667723E5782B00B5FE50 /* Info.plist */,
			);
			path = iOStestTests;
			sourceTree = "<group>";
		};
		1869667F23E5782B00B5FE50 /* iOStestUITests */ = {
			isa = PBXGroup;
			children = (
				1869668023E5782B00B5FE50 /* iOStestUITests.m */,
				1869668223E5782B00B5FE50 /* Info.plist */,
			);
			path = iOStestUITests;
			sourceTree = "<group>";
		};
/* End PBXGroup section */

/* Begin PBXNativeTarget section */
		1869665523E5782A00B5FE50 /* iOStest */ = {
			isa = PBXNativeTarget;
			buildConfigurationList = 1869668523E5782B00B5FE50 /* Build configuration list for PBXNativeTarget "iOStest" */;
			buildPhases = (
				1869665223E5782A00B5FE50 /* Sources */,
				1869665323E5782A00B5FE50 /* Frameworks */,
				1869665423E5782A00B5FE50 /* Resources */,
			);
			buildRules = (
			);
			dependencies = (
			);
			name = iOStest;
			productName = iOStest;
			productReference = 1869665623E5782A00B5FE50 /* iOStest.app */;
			productType = "com.apple.product-type.application";
		};
		1869667023E5782B00B5FE50 /* iOStestTests */ = {
			isa = PBXNativeTarget;
			buildConfigurationList = 1869668823E5782B00B5FE50 /* Build configuration list for PBXNativeTarget "iOStestTests" */;
			buildPhases = (
				1869666D23E5782B00B5FE50 /* Sources */,
				1869666E23E5782B00B5FE50 /* Frameworks */,
				1869666F23E5782B00B5FE50 /* Resources */,
			);
			buildRules = (
			);
			dependencies = (
				1869667323E5782B00B5FE50 /* PBXTargetDependency */,
			);
			name = iOStestTests;
			productName = iOStestTests;
			productReference = 1869667123E5782B00B5FE50 /* iOStestTests.xctest */;
			productType = "com.apple.product-type.bundle.unit-test";
		};
		1869667B23E5782B00B5FE50 /* iOStestUITests */ = {
			isa = PBXNativeTarget;
			buildConfigurationList = 1869668B23E5782B00B5FE50 /* Build configuration list for PBXNativeTarget "iOStestUITests" */;
			buildPhases = (
				1869667823E5782B00B5FE50 /* Sources */,
				1869667923E5782B00B5FE50 /* Frameworks */,
				1869667A23E5782B00B5FE50 /* Resources */,
			);
			buildRules = (
			);
			dependencies = (
				1869667E23E5782B00B5FE50 /* PBXTargetDependency */,
			);
			name = iOStestUITests;
			productName = iOStestUITests;
			productReference = 1869667C23E5782B00B5FE50 /* iOStestUITests.xctest */;
			productType = "com.apple.product-type.bundle.ui-testing";
		};
/* End PBXNativeTarget section */

/* Begin PBXProject section */
		1869664E23E5782A00B5FE50 /* Project object */ = {
			isa = PBXProject;
			attributes = {
				LastUpgradeCheck = 1130;
				ORGANIZATIONNAME = ydy;
				TargetAttributes = {
					1869665523E5782A00B5FE50 = {
						CreatedOnToolsVersion = 11.3;
					};
					1869667023E5782B00B5FE50 = {
						CreatedOnToolsVersion = 11.3;
						TestTargetID = 1869665523E5782A00B5FE50;
					};
					1869667B23E5782B00B5FE50 = {
						CreatedOnToolsVersion = 11.3;
						TestTargetID = 1869665523E5782A00B5FE50;
					};
				};
			};
			buildConfigurationList = 1869665123E5782A00B5FE50 /* Build configuration list for PBXProject "iOStest" */;
			compatibilityVersion = "Xcode 9.3";
			developmentRegion = en;
			hasScannedForEncodings = 0;
			knownRegions = (
				en,
				Base,
			);
			mainGroup = 1869664D23E5782A00B5FE50;
			productRefGroup = 1869665723E5782A00B5FE50 /* Products */;
			projectDirPath = "";
			projectRoot = "";
			targets = (
				1869665523E5782A00B5FE50 /* iOStest */,
				1869667023E5782B00B5FE50 /* iOStestTests */,
				1869667B23E5782B00B5FE50 /* iOStestUITests */,
			);
		};
/* End PBXProject section */

/* Begin PBXResourcesBuildPhase section */
		1869665423E5782A00B5FE50 /* Resources */ = {
			isa = PBXResourcesBuildPhase;
			buildActionMask = 2147483647;
			files = (
				1869668F23E57D6600B5FE50 /* iOStest in Resources */,
				1869666623E5782B00B5FE50 /* Assets.xcassets in Resources */,
			);
			runOnlyForDeploymentPostprocessing = 0;
		};
		1869666F23E5782B00B5FE50 /* Resources */ = {
			isa = PBXResourcesBuildPhase;
			buildActionMask = 2147483647;
			files = (
			);
			runOnlyForDeploymentPostprocessing = 0;
		};
		1869667A23E5782B00B5FE50 /* Resources */ = {
			isa = PBXResourcesBuildPhase;
			buildActionMask = 2147483647;
			files = (
			);
			runOnlyForDeploymentPostprocessing = 0;
		};
/* End PBXResourcesBuildPhase section */

/* Begin PBXSourcesBuildPhase section */
		1869665223E5782A00B5FE50 /* Sources */ = {
			isa = PBXSourcesBuildPhase;
			buildActionMask = 2147483647;
			files = (
				1869666123E5782A00B5FE50 /* ViewController.m in Sources */,
				1869665B23E5782A00B5FE50 /* AppDelegate.m in Sources */,
				1869666C23E5782B00B5FE50 /* main.m in Sources */,
				1869665E23E5782A00B5FE50 /* SceneDelegate.m in Sources */,
			);
			runOnlyForDeploymentPostprocessing = 0;
		};
		1869666D23E5782B00B5FE50 /* Sources */ = {
			isa = PBXSourcesBuildPhase;
			buildActionMask = 2147483647;
			files = (
				1869667623E5782B00B5FE50 /* iOStestTests.m in Sources */,
			);
			runOnlyForDeploymentPostprocessing = 0;
		};
		1869667823E5782B00B5FE50 /* Sources */ = {
			isa = PBXSourcesBuildPhase;
			buildActionMask = 2147483647;
			files = (
				1869668123E5782B00B5FE50 /* iOStestUITests.m in Sources */,
			);
			runOnlyForDeploymentPostprocessing = 0;
		};
/* End PBXSourcesBuildPhase section */

/* Begin PBXTargetDependency section */
		1869667323E5782B00B5FE50 /* PBXTargetDependency */ = {
			isa = PBXTargetDependency;
			target = 1869665523E5782A00B5FE50 /* iOStest */;
			targetProxy = 1869667223E5782B00B5FE50 /* PBXContainerItemProxy */;
		};
		1869667E23E5782B00B5FE50 /* PBXTargetDependency */ = {
			isa = PBXTargetDependency;
			target = 1869665523E5782A00B5FE50 /* iOStest */;
			targetProxy = 1869667D23E5782B00B5FE50 /* PBXContainerItemProxy */;
		};
/* End PBXTargetDependency section */

/* Begin XCBuildConfiguration section */
		1869668323E5782B00B5FE50 /* Debug */ = {
			isa = XCBuildConfiguration;
			buildSettings = {
				ALWAYS_SEARCH_USER_PATHS = NO;
				CLANG_ANALYZER_NONNULL = YES;
				CLANG_ANALYZER_NUMBER_OBJECT_CONVERSION = YES_AGGRESSIVE;
				CLANG_CXX_LANGUAGE_STANDARD = "gnu++14";
				CLANG_CXX_LIBRARY = "libc++";
				CLANG_ENABLE_MODULES = YES;
				CLANG_ENABLE_OBJC_ARC = YES;
				CLANG_ENABLE_OBJC_WEAK = YES;
				CLANG_WARN_BLOCK_CAPTURE_AUTORELEASING = YES;
				CLANG_WARN_BOOL_CONVERSION = YES;
				CLANG_WARN_COMMA = YES;
				CLANG_WARN_CONSTANT_CONVERSION = YES;
				CLANG_WARN_DEPRECATED_OBJC_IMPLEMENTATIONS = YES;
				CLANG_WARN_DIRECT_OBJC_ISA_USAGE = YES_ERROR;
				CLANG_WARN_DOCUMENTATION_COMMENTS = YES;
				CLANG_WARN_EMPTY_BODY = YES;
				CLANG_WARN_ENUM_CONVERSION = YES;
				CLANG_WARN_INFINITE_RECURSION = YES;
				CLANG_WARN_INT_CONVERSION = YES;
				CLANG_WARN_NON_LITERAL_NULL_CONVERSION = YES;
				CLANG_WARN_OBJC_IMPLICIT_RETAIN_SELF = YES;
				CLANG_WARN_OBJC_LITERAL_CONVERSION = YES;
				CLANG_WARN_OBJC_ROOT_CLASS = YES_ERROR;
				CLANG_WARN_RANGE_LOOP_ANALYSIS = YES;
				CLANG_WARN_STRICT_PROTOTYPES = YES;
				CLANG_WARN_SUSPICIOUS_MOVE = YES;
				CLANG_WARN_UNGUARDED_AVAILABILITY = YES_AGGRESSIVE;
				CLANG_WARN_UNREACHABLE_CODE = YES;
				CLANG_WARN__DUPLICATE_METHOD_MATCH = YES;
				COPY_PHASE_STRIP = NO;
				DEBUG_INFORMATION_FORMAT = dwarf;
				ENABLE_STRICT_OBJC_MSGSEND = YES;
				ENABLE_TESTABILITY = YES;
				GCC_C_LANGUAGE_STANDARD = gnu11;
				GCC_DYNAMIC_NO_PIC = NO;
				GCC_NO_COMMON_BLOCKS = YES;
				GCC_OPTIMIZATION_LEVEL = 0;
				GCC_PREPROCESSOR_DEFINITIONS = (
					"DEBUG=1",
					"$(inherited)",
				);
				GCC_WARN_64_TO_32_BIT_CONVERSION = YES;
				GCC_WARN_ABOUT_RETURN_TYPE = YES_ERROR;
				GCC_WARN_UNDECLARED_SELECTOR = YES;
				GCC_WARN_UNINITIALIZED_AUTOS = YES_AGGRESSIVE;
				GCC_WARN_UNUSED_FUNCTION = YES;
				GCC_WARN_UNUSED_VARIABLE = YES;
				IPHONEOS_DEPLOYMENT_TARGET = 13.2;
				MTL_ENABLE_DEBUG_INFO = INCLUDE_SOURCE;
				MTL_FAST_MATH = YES;
				ONLY_ACTIVE_ARCH = YES;
				SDKROOT = iphoneos;
			};
			name = Debug;
		};
		1869668423E5782B00B5FE50 /* Release */ = {
			isa = XCBuildConfiguration;
			buildSettings = {
				ALWAYS_SEARCH_USER_PATHS = NO;
				CLANG_ANALYZER_NONNULL = YES;
				CLANG_ANALYZER_NUMBER_OBJECT_CONVERSION = YES_AGGRESSIVE;
				CLANG_CXX_LANGUAGE_STANDARD = "gnu++14";
				CLANG_CXX_LIBRARY = "libc++";
				CLANG_ENABLE_MODULES = YES;
				CLANG_ENABLE_OBJC_ARC = YES;
				CLANG_ENABLE_OBJC_WEAK = YES;
				CLANG_WARN_BLOCK_CAPTURE_AUTORELEASING = YES;
				CLANG_WARN_BOOL_CONVERSION = YES;
				CLANG_WARN_COMMA = YES;
				CLANG_WARN_CONSTANT_CONVERSION = YES;
				CLANG_WARN_DEPRECATED_OBJC_IMPLEMENTATIONS = YES;
				CLANG_WARN_DIRECT_OBJC_ISA_USAGE = YES_ERROR;
				CLANG_WARN_DOCUMENTATION_COMMENTS = YES;
				CLANG_WARN_EMPTY_BODY = YES;
				CLANG_WARN_ENUM_CONVERSION = YES;
				CLANG_WARN_INFINITE_RECURSION = YES;
				CLANG_WARN_INT_CONVERSION = YES;
				CLANG_WARN_NON_LITERAL_NULL_CONVERSION = YES;
				CLANG_WARN_OBJC_IMPLICIT_RETAIN_SELF = YES;
				CLANG_WARN_OBJC_LITERAL_CONVERSION = YES;
				CLANG_WARN_OBJC_ROOT_CLASS = YES_ERROR;
				CLANG_WARN_RANGE_LOOP_ANALYSIS = YES;
				CLANG_WARN_STRICT_PROTOTYPES = YES;
				CLANG_WARN_SUSPICIOUS_MOVE = YES;
				CLANG_WARN_UNGUARDED_AVAILABILITY = YES_AGGRESSIVE;
				CLANG_WARN_UNREACHABLE_CODE = YES;
				CLANG_WARN__DUPLICATE_METHOD_MATCH = YES;
				COPY_PHASE_STRIP = NO;
				DEBUG_INFORMATION_FORMAT = "dwarf-with-dsym";
				ENABLE_NS_ASSERTIONS = NO;
				ENABLE_STRICT_OBJC_MSGSEND = YES;
				GCC_C_LANGUAGE_STANDARD = gnu11;
				GCC_NO_COMMON_BLOCKS = YES;
				GCC_WARN_64_TO_32_BIT_CONVERSION = YES;
				GCC_WARN_ABOUT_RETURN_TYPE = YES_ERROR;
				GCC_WARN_UNDECLARED_SELECTOR = YES;
				GCC_WARN_UNINITIALIZED_AUTOS = YES_AGGRESSIVE;
				GCC_WARN_UNUSED_FUNCTION = YES;
				GCC_WARN_UNUSED_VARIABLE = YES;
				IPHONEOS_DEPLOYMENT_TARGET = 13.2;
				MTL_ENABLE_DEBUG_INFO = NO;
				MTL_FAST_MATH = YES;
				SDKROOT = iphoneos;
				VALIDATE_PRODUCT = YES;
			};
			name = Release;
		};
		1869668623E5782B00B5FE50 /* Debug */ = {
			isa = XCBuildConfiguration;
			buildSettings = {
				ASSETCATALOG_COMPILER_APPICON_NAME = AppIcon;
				CODE_SIGN_STYLE = Automatic;
				INFOPLIST_FILE = iOStest/Info.plist;
				LD_RUNPATH_SEARCH_PATHS = (
					"$(inherited)",
					"@executable_path/Frameworks",
				);
				PRODUCT_BUNDLE_IDENTIFIER = SDCS.iOStest;
				PRODUCT_NAME = "$(TARGET_NAME)";
				TARGETED_DEVICE_FAMILY = "1,2";
			};
			name = Debug;
		};
		1869668723E5782B00B5FE50 /* Release */ = {
			isa = XCBuildConfiguration;
			buildSettings = {
				ASSETCATALOG_COMPILER_APPICON_NAME = AppIcon;
				CODE_SIGN_STYLE = Automatic;
				INFOPLIST_FILE = iOStest/Info.plist;
				LD_RUNPATH_SEARCH_PATHS = (
					"$(inherited)",
					"@executable_path/Frameworks",
				);
				PRODUCT_BUNDLE_IDENTIFIER = SDCS.iOStest;
				PRODUCT_NAME = "$(TARGET_NAME)";
				TARGETED_DEVICE_FAMILY = "1,2";
			};
			name = Release;
		};
		1869668923E5782B00B5FE50 /* Debug */ = {
			isa = XCBuildConfiguration;
			buildSettings = {
				BUNDLE_LOADER = "$(TEST_HOST)";
				CODE_SIGN_STYLE = Automatic;
				INFOPLIST_FILE = iOStestTests/Info.plist;
				IPHONEOS_DEPLOYMENT_TARGET = 13.2;
				LD_RUNPATH_SEARCH_PATHS = (
					"$(inherited)",
					"@executable_path/Frameworks",
					"@loader_path/Frameworks",
				);
				PRODUCT_BUNDLE_IDENTIFIER = SDCS.iOStestTests;
				PRODUCT_NAME = "$(TARGET_NAME)";
				TARGETED_DEVICE_FAMILY = "1,2";
				TEST_HOST = "$(BUILT_PRODUCTS_DIR)/iOStest.app/iOStest";
			};
			name = Debug;
		};
		1869668A23E5782B00B5FE50 /* Release */ = {
			isa = XCBuildConfiguration;
			buildSettings = {
				BUNDLE_LOADER = "$(TEST_HOST)";
				CODE_SIGN_STYLE = Automatic;
				INFOPLIST_FILE = iOStestTests/Info.plist;
				IPHONEOS_DEPLOYMENT_TARGET = 13.2;
				LD_RUNPATH_SEARCH_PATHS = (
					"$(inherited)",
					"@executable_path/Frameworks",
					"@loader_path/Frameworks",
				);
				PRODUCT_BUNDLE_IDENTIFIER = SDCS.iOStestTests;
				PRODUCT_NAME = "$(TARGET_NAME)";
				TARGETED_DEVICE_FAMILY = "1,2";
				TEST_HOST = "$(BUILT_PRODUCTS_DIR)/iOStest.app/iOStest";
			};
			name = Release;
		};
		1869668C23E5782B00B5FE50 /* Debug */ = {
			isa = XCBuildConfiguration;
			buildSettings = {
				CODE_SIGN_STYLE = Automatic;
				INFOPLIST_FILE = iOStestUITests/Info.plist;
				LD_RUNPATH_SEARCH_PATHS = (
					"$(inherited)",
					"@executable_path/Frameworks",
					"@loader_path/Frameworks",
				);
				PRODUCT_BUNDLE_IDENTIFIER = SDCS.iOStestUITests;
				PRODUCT_NAME = "$(TARGET_NAME)";
				TARGETED_DEVICE_FAMILY = "1,2";
				TEST_TARGET_NAME = iOStest;
			};
			name = Debug;
		};
		1869668D23E5782B00B5FE50 /* Release */ = {
			isa = XCBuildConfiguration;
			buildSettings = {
				CODE_SIGN_STYLE = Automatic;
				INFOPLIST_FILE = iOStestUITests/Info.plist;
				LD_RUNPATH_SEARCH_PATHS = (
					"$(inherited)",
					"@executable_path/Frameworks",
					"@loader_path/Frameworks",
				);
				PRODUCT_BUNDLE_IDENTIFIER = SDCS.iOStestUITests;
				PRODUCT_NAME = "$(TARGET_NAME)";
				TARGETED_DEVICE_FAMILY = "1,2";
				TEST_TARGET_NAME = iOStest;
			};
			name = Release;
		};
/* End XCBuildConfiguration section */

/* Begin XCConfigurationList section */
		1869665123E5782A00B5FE50 /* Build configuration list for PBXProject "iOStest" */ = {
			isa = XCConfigurationList;
			buildConfigurations = (
				1869668323E5782B00B5FE50 /* Debug */,
				1869668423E5782B00B5FE50 /* Release */,
			);
			defaultConfigurationIsVisible = 0;
			defaultConfigurationName = Release;
		};
		1869668523E5782B00B5FE50 /* Build configuration list for PBXNativeTarget "iOStest" */ = {
			isa = XCConfigurationList;
			buildConfigurations = (
				1869668623E5782B00B5FE50 /* Debug */,
				1869668723E5782B00B5FE50 /* Release */,
			);
			defaultConfigurationIsVisible = 0;
			defaultConfigurationName = Release;
		};
		1869668823E5782B00B5FE50 /* Build configuration list for PBXNativeTarget "iOStestTests" */ = {
			isa = XCConfigurationList;
			buildConfigurations = (
				1869668923E5782B00B5FE50 /* Debug */,
				1869668A23E5782B00B5FE50 /* Release */,
			);
			defaultConfigurationIsVisible = 0;
			defaultConfigurationName = Release;
		};
		1869668B23E5782B00B5FE50 /* Build configuration list for PBXNativeTarget "iOStestUITests" */ = {
			isa = XCConfigurationList;
			buildConfigurations = (
				1869668C23E5782B00B5FE50 /* Debug */,
				1869668D23E5782B00B5FE50 /* Release */,
			);
			defaultConfigurationIsVisible = 0;
			defaultConfigurationName = Release;
		};
/* End XCConfigurationList section */
	};
	rootObject = 1869664E23E5782A00B5FE50 /* Project object */;
}
